
Microsoft Visual Studio Solution File, Format Version 12.00
# Visual Studio Version 17
VisualStudioVersion = 17.0.32014.148
MinimumVisualStudioVersion = 10.0.40219.1
Project("{9A19103F-16F7-4668-BE54-9A1E7A4F7556}") = "Connect4Game", "Connect4Game.csproj", "{9B2CDB96-6B62-409F-A0B6-7718EDDF2D72}"
EndProject
Project("{9A19103F-16F7-4668-BE54-9A1E7A4F7556}") = "Connect4Game.RestAPI", "Connect4Game.RestAPI\Connect4Game.RestAPI.csproj", "{C00BD0AE-EC1F-4AF5-AEB3-07E8CF0BFB13}"
EndProject
Project("{9A19103F-16F7-4668-BE54-9A1E7A4F7556}") = "Connect4Game.BusinessLogic", "Connect4Game.BusinessLogic\Connect4Game.BusinessLogic.csproj", "{0081C034-444D-405A-9610-E586CC3774A8}"
EndProject
Project("{FAE04EC0-301F-11D3-BF4B-00C04F79EFBC}") = "Connect4Game.Tests", "Connect4Game.Tests\Connect4Game.Tests.csproj", "{1F21C7E9-20D8-4944-AEC0-C0219F6F9BA0}"
EndProject
Global
	GlobalSection(SolutionConfigurationPlatforms) = preSolution
		Debug|Any CPU = Debug|Any CPU
		Release|Any CPU = Release|Any CPU
	EndGlobalSection
	GlobalSection(ProjectConfigurationPlatforms) = postSolution
		{9B2CDB96-6B62-409F-A0B6-7718EDDF2D72}.Debug|Any CPU.ActiveCfg = Debug|Any CPU
		{9B2CDB96-6B62-409F-A0B6-7718EDDF2D72}.Debug|Any CPU.Build.0 = Debug|Any CPU
		{9B2CDB96-6B62-409F-A0B6-7718EDDF2D72}.Release|Any CPU.ActiveCfg = Release|Any CPU
		{9B2CDB96-6B62-409F-A0B6-7718EDDF2D72}.Release|Any CPU.Build.0 = Release|Any CPU
		{C00BD0AE-EC1F-4AF5-AEB3-07E8CF0BFB13}.Debug|Any CPU.ActiveCfg = Debug|Any CPU
		{C00BD0AE-EC1F-4AF5-AEB3-07E8CF0BFB13}.Debug|Any CPU.Build.0 = Debug|Any CPU
		{C00BD0AE-EC1F-4AF5-AEB3-07E8CF0BFB13}.Release|Any CPU.ActiveCfg = Release|Any CPU
		{C00BD0AE-EC1F-4AF5-AEB3-07E8CF0BFB13}.Release|Any CPU.Build.0 = Release|Any CPU
		{0081C034-444D-405A-9610-E586CC3774A8}.Debug|Any CPU.ActiveCfg = Debug|Any CPU
		{0081C034-444D-405A-9610-E586CC3774A8}.Debug|Any CPU.Build.0 = Debug|Any CPU
		{0081C034-444D-405A-9610-E586CC3774A8}.Release|Any CPU.ActiveCfg = Release|Any CPU
		{0081C034-444D-405A-9610-E586CC3774A8}.Release|Any CPU.Build.0 = Release|Any CPU
		{1F21C7E9-20D8-4944-AEC0-C0219F6F9BA0}.Debug|Any CPU.ActiveCfg = Debug|Any CPU
		{1F21C7E9-20D8-4944-AEC0-C0219F6F9BA0}.Debug|Any CPU.Build.0 = Debug|Any CPU
		{1F21C7E9-20D8-4944-AEC0-C0219F6F9BA0}.Release|Any CPU.ActiveCfg = Release|Any CPU
		{1F21C7E9-20D8-4944-AEC0-C0219F6F9BA0}.Release|Any CPU.Build.0 = Release|Any CPU
	EndGlobalSection
	GlobalSection(SolutionProperties) = preSolution
		HideSolutionNode = FALSE
	EndGlobalSection
	GlobalSection(ExtensibilityGlobals) = postSolution
		SolutionGuid = {9309E0BB-2DB0-407B-B694-5E2224304BB0}
	EndGlobalSection
EndGlobal
